// !$*UTF8*$!
{
	archiveVersion = 1;
	classes = {
	};
	objectVersion = 56;
	objects = {

/* Begin PBXBuildFile section */
		340EFB812B729E3D009B5AD9 /* DetailsViewController.swift in Sources */ = {isa = PBXBuildFile; fileRef = 340EFB802B729E3D009B5AD9 /* DetailsViewController.swift */; };
		3488B01B2B5C178D008CF4C3 /* AppDelegate.swift in Sources */ = {isa = PBXBuildFile; fileRef = 3488B01A2B5C178D008CF4C3 /* AppDelegate.swift */; };
		3488B01D2B5C178D008CF4C3 /* SceneDelegate.swift in Sources */ = {isa = PBXBuildFile; fileRef = 3488B01C2B5C178D008CF4C3 /* SceneDelegate.swift */; };
		3488B0222B5C178D008CF4C3 /* Main.storyboard in Resources */ = {isa = PBXBuildFile; fileRef = 3488B0202B5C178D008CF4C3 /* Main.storyboard */; };
		3488B0242B5C178E008CF4C3 /* Assets.xcassets in Resources */ = {isa = PBXBuildFile; fileRef = 3488B0232B5C178E008CF4C3 /* Assets.xcassets */; };
		3488B0272B5C178E008CF4C3 /* LaunchScreen.storyboard in Resources */ = {isa = PBXBuildFile; fileRef = 3488B0252B5C178E008CF4C3 /* LaunchScreen.storyboard */; };
		34A77E552B6D419F00C4ACA1 /* CustomTableViewController.swift in Sources */ = {isa = PBXBuildFile; fileRef = 34A77E542B6D419F00C4ACA1 /* CustomTableViewController.swift */; };
		34A77E582B6D41FB00C4ACA1 /* CustomTableViewCell.swift in Sources */ = {isa = PBXBuildFile; fileRef = 34A77E572B6D41FB00C4ACA1 /* CustomTableViewCell.swift */; };
		34A77E5A2B6D420C00C4ACA1 /* CustomTableViewCell.xib in Resources */ = {isa = PBXBuildFile; fileRef = 34A77E592B6D420C00C4ACA1 /* CustomTableViewCell.xib */; };
		34E2687D2B64010F004380DA /* CustomView.swift in Sources */ = {isa = PBXBuildFile; fileRef = 34E2687C2B64010F004380DA /* CustomView.swift */; };
		34E268832B640ACA004380DA /* CustomView.xib in Resources */ = {isa = PBXBuildFile; fileRef = 34E268822B640ACA004380DA /* CustomView.xib */; };
		34F4F6962B66AB5F0071F614 /* CustomViewController.swift in Sources */ = {isa = PBXBuildFile; fileRef = 34F4F6952B66AB5F0071F614 /* CustomViewController.swift */; };
/* End PBXBuildFile section */

/* Begin PBXFileReference section */
		340EFB802B729E3D009B5AD9 /* DetailsViewController.swift */ = {isa = PBXFileReference; lastKnownFileType = sourcecode.swift; path = DetailsViewController.swift; sourceTree = "<group>"; };
		3488B0172B5C178D008CF4C3 /* Module3.app */ = {isa = PBXFileReference; explicitFileType = wrapper.application; includeInIndex = 0; path = Module3.app; sourceTree = BUILT_PRODUCTS_DIR; };
		3488B01A2B5C178D008CF4C3 /* AppDelegate.swift */ = {isa = PBXFileReference; lastKnownFileType = sourcecode.swift; path = AppDelegate.swift; sourceTree = "<group>"; };
		3488B01C2B5C178D008CF4C3 /* SceneDelegate.swift */ = {isa = PBXFileReference; lastKnownFileType = sourcecode.swift; path = SceneDelegate.swift; sourceTree = "<group>"; };
		3488B0212B5C178D008CF4C3 /* Base */ = {isa = PBXFileReference; lastKnownFileType = file.storyboard; name = Base; path = Base.lproj/Main.storyboard; sourceTree = "<group>"; };
		3488B0232B5C178E008CF4C3 /* Assets.xcassets */ = {isa = PBXFileReference; lastKnownFileType = folder.assetcatalog; path = Assets.xcassets; sourceTree = "<group>"; };
		3488B0262B5C178E008CF4C3 /* Base */ = {isa = PBXFileReference; lastKnownFileType = file.storyboard; name = Base; path = Base.lproj/LaunchScreen.storyboard; sourceTree = "<group>"; };
		3488B0282B5C178E008CF4C3 /* Info.plist */ = {isa = PBXFileReference; lastKnownFileType = text.plist.xml; path = Info.plist; sourceTree = "<group>"; };
		34A77E542B6D419F00C4ACA1 /* CustomTableViewController.swift */ = {isa = PBXFileReference; lastKnownFileType = sourcecode.swift; path = CustomTableViewController.swift; sourceTree = "<group>"; };
		34A77E572B6D41FB00C4ACA1 /* CustomTableViewCell.swift */ = {isa = PBXFileReference; lastKnownFileType = sourcecode.swift; path = CustomTableViewCell.swift; sourceTree = "<group>"; };
		34A77E592B6D420C00C4ACA1 /* CustomTableViewCell.xib */ = {isa = PBXFileReference; lastKnownFileType = file.xib; path = CustomTableViewCell.xib; sourceTree = "<group>"; };
		34E2687C2B64010F004380DA /* CustomView.swift */ = {isa = PBXFileReference; lastKnownFileType = sourcecode.swift; path = CustomView.swift; sourceTree = "<group>"; };
		34E268822B640ACA004380DA /* CustomView.xib */ = {isa = PBXFileReference; lastKnownFileType = file.xib; path = CustomView.xib; sourceTree = "<group>"; };
		34F4F6952B66AB5F0071F614 /* CustomViewController.swift */ = {isa = PBXFileReference; lastKnownFileType = sourcecode.swift; path = CustomViewController.swift; sourceTree = "<group>"; };
/* End PBXFileReference section */

/* Begin PBXFrameworksBuildPhase section */
		3488B0142B5C178D008CF4C3 /* Frameworks */ = {
			isa = PBXFrameworksBuildPhase;
			buildActionMask = 2147483647;
			files = (
			);
			runOnlyForDeploymentPostprocessing = 0;
		};
/* End PBXFrameworksBuildPhase section */

/* Begin PBXGroup section */
		3488B00E2B5C178D008CF4C3 = {
			isa = PBXGroup;
			children = (
				3488B0192B5C178D008CF4C3 /* Module3 */,
				3488B0182B5C178D008CF4C3 /* Products */,
			);
			sourceTree = "<group>";
		};
		3488B0182B5C178D008CF4C3 /* Products */ = {
			isa = PBXGroup;
			children = (
				3488B0172B5C178D008CF4C3 /* Module3.app */,
			);
			name = Products;
			sourceTree = "<group>";
		};
		3488B0192B5C178D008CF4C3 /* Module3 */ = {
			isa = PBXGroup;
			children = (
				34E2687B2B6400C5004380DA /* Views */,
				3488B01A2B5C178D008CF4C3 /* AppDelegate.swift */,
				3488B01C2B5C178D008CF4C3 /* SceneDelegate.swift */,
				34F4F6972B66AB730071F614 /* ViewControllers */,
				3488B0202B5C178D008CF4C3 /* Main.storyboard */,
				3488B0232B5C178E008CF4C3 /* Assets.xcassets */,
				3488B0252B5C178E008CF4C3 /* LaunchScreen.storyboard */,
				3488B0282B5C178E008CF4C3 /* Info.plist */,
			);
			path = Module3;
			sourceTree = "<group>";
		};
		34A77E562B6D41E900C4ACA1 /* Cells */ = {
			isa = PBXGroup;
			children = (
				34A77E572B6D41FB00C4ACA1 /* CustomTableViewCell.swift */,
				34A77E592B6D420C00C4ACA1 /* CustomTableViewCell.xib */,
			);
			path = Cells;
			sourceTree = "<group>";
		};
		34E2687B2B6400C5004380DA /* Views */ = {
			isa = PBXGroup;
			children = (
				34A77E562B6D41E900C4ACA1 /* Cells */,
				34E2687C2B64010F004380DA /* CustomView.swift */,
				34E268822B640ACA004380DA /* CustomView.xib */,
			);
			path = Views;
			sourceTree = "<group>";
		};
		34F4F6972B66AB730071F614 /* ViewControllers */ = {
			isa = PBXGroup;
			children = (
				34F4F6952B66AB5F0071F614 /* CustomViewController.swift */,
				34A77E542B6D419F00C4ACA1 /* CustomTableViewController.swift */,
				340EFB802B729E3D009B5AD9 /* DetailsViewController.swift */,
			);
			path = ViewControllers;
			sourceTree = "<group>";
		};
/* End PBXGroup section */

/* Begin PBXNativeTarget section */
		3488B0162B5C178D008CF4C3 /* Module3 */ = {
			isa = PBXNativeTarget;
			buildConfigurationList = 3488B02B2B5C178E008CF4C3 /* Build configuration list for PBXNativeTarget "Module3" */;
			buildPhases = (
				3488B0132B5C178D008CF4C3 /* Sources */,
				3488B0142B5C178D008CF4C3 /* Frameworks */,
				3488B0152B5C178D008CF4C3 /* Resources */,
			);
			buildRules = (
			);
			dependencies = (
			);
			name = Module3;
			productName = Module3;
			productReference = 3488B0172B5C178D008CF4C3 /* Module3.app */;
			productType = "com.apple.product-type.application";
		};
/* End PBXNativeTarget section */

/* Begin PBXProject section */
		3488B00F2B5C178D008CF4C3 /* Project object */ = {
			isa = PBXProject;
			attributes = {
				BuildIndependentTargetsInParallel = 1;
				LastSwiftUpdateCheck = 1520;
				LastUpgradeCheck = 1520;
				ORGANIZATIONNAME = "Codie Academy";
				TargetAttributes = {
					3488B0162B5C178D008CF4C3 = {
						CreatedOnToolsVersion = 15.2;
					};
				};
			};
			buildConfigurationList = 3488B0122B5C178D008CF4C3 /* Build configuration list for PBXProject "Module3" */;
			compatibilityVersion = "Xcode 14.0";
			developmentRegion = en;
			hasScannedForEncodings = 0;
			knownRegions = (
				en,
				Base,
			);
			mainGroup = 3488B00E2B5C178D008CF4C3;
			productRefGroup = 3488B0182B5C178D008CF4C3 /* Products */;
			projectDirPath = "";
			projectRoot = "";
			targets = (
				3488B0162B5C178D008CF4C3 /* Module3 */,
			);
		};
/* End PBXProject section */

/* Begin PBXResourcesBuildPhase section */
		3488B0152B5C178D008CF4C3 /* Resources */ = {
			isa = PBXResourcesBuildPhase;
			buildActionMask = 2147483647;
			files = (
				3488B0272B5C178E008CF4C3 /* LaunchScreen.storyboard in Resources */,
				34E268832B640ACA004380DA /* CustomView.xib in Resources */,
				3488B0242B5C178E008CF4C3 /* Assets.xcassets in Resources */,
				34A77E5A2B6D420C00C4ACA1 /* CustomTableViewCell.xib in Resources */,
				3488B0222B5C178D008CF4C3 /* Main.storyboard in Resources */,
			);
			runOnlyForDeploymentPostprocessing = 0;
		};
/* End PBXResourcesBuildPhase section */

/* Begin PBXSourcesBuildPhase section */
		3488B0132B5C178D008CF4C3 /* Sources */ = {
			isa = PBXSourcesBuildPhase;
			buildActionMask = 2147483647;
			files = (
				34A77E582B6D41FB00C4ACA1 /* CustomTableViewCell.swift in Sources */,
				34E2687D2B64010F004380DA /* CustomView.swift in Sources */,
				34F4F6962B66AB5F0071F614 /* CustomViewController.swift in Sources */,
				3488B01B2B5C178D008CF4C3 /* AppDelegate.swift in Sources */,
				340EFB812B729E3D009B5AD9 /* DetailsViewController.swift in Sources */,
				3488B01D2B5C178D008CF4C3 /* SceneDelegate.swift in Sources */,
				34A77E552B6D419F00C4ACA1 /* CustomTableViewController.swift in Sources */,
			);
			runOnlyForDeploymentPostprocessing = 0;
		};
/* End PBXSourcesBuildPhase section */

/* Begin PBXVariantGroup section */
		3488B0202B5C178D008CF4C3 /* Main.storyboard */ = {
			isa = PBXVariantGroup;
			children = (
				3488B0212B5C178D008CF4C3 /* Base */,
			);
			name = Main.storyboard;
			sourceTree = "<group>";
		};
		3488B0252B5C178E008CF4C3 /* LaunchScreen.storyboard */ = {
			isa = PBXVariantGroup;
			children = (
				3488B0262B5C178E008CF4C3 /* Base */,
			);
			name = LaunchScreen.storyboard;
			sourceTree = "<group>";
		};
/* End PBXVariantGroup section */

/* Begin XCBuildConfiguration section */
		3488B0292B5C178E008CF4C3 /* Debug */ = {
			isa = XCBuildConfiguration;
			buildSettings = {
				ALWAYS_SEARCH_USER_PATHS = NO;
				ASSETCATALOG_COMPILER_GENERATE_SWIFT_ASSET_SYMBOL_EXTENSIONS = YES;
				CLANG_ANALYZER_NONNULL = YES;
				CLANG_ANALYZER_NUMBER_OBJECT_CONVERSION = YES_AGGRESSIVE;
				CLANG_CXX_LANGUAGE_STANDARD = "gnu++20";
				CLANG_ENABLE_MODULES = YES;
				CLANG_ENABLE_OBJC_ARC = YES;
				CLANG_ENABLE_OBJC_WEAK = YES;
				CLANG_WARN_BLOCK_CAPTURE_AUTORELEASING = YES;
				CLANG_WARN_BOOL_CONVERSION = YES;
				CLANG_WARN_COMMA = YES;
				CLANG_WARN_CONSTANT_CONVERSION = YES;
				CLANG_WARN_DEPRECATED_OBJC_IMPLEMENTATIONS = YES;
				CLANG_WARN_DIRECT_OBJC_ISA_USAGE = YES_ERROR;
				CLANG_WARN_DOCUMENTATION_COMMENTS = YES;
				CLANG_WARN_EMPTY_BODY = YES;
				CLANG_WARN_ENUM_CONVERSION = YES;
				CLANG_WARN_INFINITE_RECURSION = YES;
				CLANG_WARN_INT_CONVERSION = YES;
				CLANG_WARN_NON_LITERAL_NULL_CONVERSION = YES;
				CLANG_WARN_OBJC_IMPLICIT_RETAIN_SELF = YES;
				CLANG_WARN_OBJC_LITERAL_CONVERSION = YES;
				CLANG_WARN_OBJC_ROOT_CLASS = YES_ERROR;
				CLANG_WARN_QUOTED_INCLUDE_IN_FRAMEWORK_HEADER = YES;
				CLANG_WARN_RANGE_LOOP_ANALYSIS = YES;
				CLANG_WARN_STRICT_PROTOTYPES = YES;
				CLANG_WARN_SUSPICIOUS_MOVE = YES;
				CLANG_WARN_UNGUARDED_AVAILABILITY = YES_AGGRESSIVE;
				CLANG_WARN_UNREACHABLE_CODE = YES;
				CLANG_WARN__DUPLICATE_METHOD_MATCH = YES;
				COPY_PHASE_STRIP = NO;
				DEBUG_INFORMATION_FORMAT = dwarf;
				ENABLE_STRICT_OBJC_MSGSEND = YES;
				ENABLE_TESTABILITY = YES;
				ENABLE_USER_SCRIPT_SANDBOXING = YES;
				GCC_C_LANGUAGE_STANDARD = gnu17;
				GCC_DYNAMIC_NO_PIC = NO;
				GCC_NO_COMMON_BLOCKS = YES;
				GCC_OPTIMIZATION_LEVEL = 0;
				GCC_PREPROCESSOR_DEFINITIONS = (
					"DEBUG=1",
					"$(inherited)",
				);
				GCC_WARN_64_TO_32_BIT_CONVERSION = YES;
				GCC_WARN_ABOUT_RETURN_TYPE = YES_ERROR;
				GCC_WARN_UNDECLARED_SELECTOR = YES;
				GCC_WARN_UNINITIALIZED_AUTOS = YES_AGGRESSIVE;
				GCC_WARN_UNUSED_FUNCTION = YES;
				GCC_WARN_UNUSED_VARIABLE = YES;
				IPHONEOS_DEPLOYMENT_TARGET = 17.2;
				LOCALIZATION_PREFERS_STRING_CATALOGS = YES;
				MTL_ENABLE_DEBUG_INFO = INCLUDE_SOURCE;
				MTL_FAST_MATH = YES;
				ONLY_ACTIVE_ARCH = YES;
				SDKROOT = iphoneos;
				SWIFT_ACTIVE_COMPILATION_CONDITIONS = "DEBUG $(inherited)";
				SWIFT_OPTIMIZATION_LEVEL = "-Onone";
			};
			name = Debug;
		};
		3488B02A2B5C178E008CF4C3 /* Release */ = {
			isa = XCBuildConfiguration;
			buildSettings = {
				ALWAYS_SEARCH_USER_PATHS = NO;
				ASSETCATALOG_COMPILER_GENERATE_SWIFT_ASSET_SYMBOL_EXTENSIONS = YES;
				CLANG_ANALYZER_NONNULL = YES;
				CLANG_ANALYZER_NUMBER_OBJECT_CONVERSION = YES_AGGRESSIVE;
				CLANG_CXX_LANGUAGE_STANDARD = "gnu++20";
				CLANG_ENABLE_MODULES = YES;
				CLANG_ENABLE_OBJC_ARC = YES;
				CLANG_ENABLE_OBJC_WEAK = YES;
				CLANG_WARN_BLOCK_CAPTURE_AUTORELEASING = YES;
				CLANG_WARN_BOOL_CONVERSION = YES;
				CLANG_WARN_COMMA = YES;
				CLANG_WARN_CONSTANT_CONVERSION = YES;
				CLANG_WARN_DEPRECATED_OBJC_IMPLEMENTATIONS = YES;
				CLANG_WARN_DIRECT_OBJC_ISA_USAGE = YES_ERROR;
				CLANG_WARN_DOCUMENTATION_COMMENTS = YES;
				CLANG_WARN_EMPTY_BODY = YES;
				CLANG_WARN_ENUM_CONVERSION = YES;
				CLANG_WARN_INFINITE_RECURSION = YES;
				CLANG_WARN_INT_CONVERSION = YES;
				CLANG_WARN_NON_LITERAL_NULL_CONVERSION = YES;
				CLANG_WARN_OBJC_IMPLICIT_RETAIN_SELF = YES;
				CLANG_WARN_OBJC_LITERAL_CONVERSION = YES;
				CLANG_WARN_OBJC_ROOT_CLASS = YES_ERROR;
				CLANG_WARN_QUOTED_INCLUDE_IN_FRAMEWORK_HEADER = YES;
				CLANG_WARN_RANGE_LOOP_ANALYSIS = YES;
				CLANG_WARN_STRICT_PROTOTYPES = YES;
				CLANG_WARN_SUSPICIOUS_MOVE = YES;
				CLANG_WARN_UNGUARDED_AVAILABILITY = YES_AGGRESSIVE;
				CLANG_WARN_UNREACHABLE_CODE = YES;
				CLANG_WARN__DUPLICATE_METHOD_MATCH = YES;
				COPY_PHASE_STRIP = NO;
				DEBUG_INFORMATION_FORMAT = "dwarf-with-dsym";
				ENABLE_NS_ASSERTIONS = NO;
				ENABLE_STRICT_OBJC_MSGSEND = YES;
				ENABLE_USER_SCRIPT_SANDBOXING = YES;
				GCC_C_LANGUAGE_STANDARD = gnu17;
				GCC_NO_COMMON_BLOCKS = YES;
				GCC_WARN_64_TO_32_BIT_CONVERSION = YES;
				GCC_WARN_ABOUT_RETURN_TYPE = YES_ERROR;
				GCC_WARN_UNDECLARED_SELECTOR = YES;
				GCC_WARN_UNINITIALIZED_AUTOS = YES_AGGRESSIVE;
				GCC_WARN_UNUSED_FUNCTION = YES;
				GCC_WARN_UNUSED_VARIABLE = YES;
				IPHONEOS_DEPLOYMENT_TARGET = 17.2;
				LOCALIZATION_PREFERS_STRING_CATALOGS = YES;
				MTL_ENABLE_DEBUG_INFO = NO;
				MTL_FAST_MATH = YES;
				SDKROOT = iphoneos;
				SWIFT_COMPILATION_MODE = wholemodule;
				VALIDATE_PRODUCT = YES;
			};
			name = Release;
		};
		3488B02C2B5C178E008CF4C3 /* Debug */ = {
			isa = XCBuildConfiguration;
			buildSettings = {
				ASSETCATALOG_COMPILER_APPICON_NAME = AppIcon;
				ASSETCATALOG_COMPILER_GLOBAL_ACCENT_COLOR_NAME = AccentColor;
				CODE_SIGN_STYLE = Automatic;
				CURRENT_PROJECT_VERSION = 1;
				GENERATE_INFOPLIST_FILE = YES;
				INFOPLIST_FILE = Module3/Info.plist;
				INFOPLIST_KEY_UIApplicationSupportsIndirectInputEvents = YES;
				INFOPLIST_KEY_UILaunchStoryboardName = LaunchScreen;
				INFOPLIST_KEY_UIMainStoryboardFile = Main;
				INFOPLIST_KEY_UISupportedInterfaceOrientations_iPad = "UIInterfaceOrientationPortrait UIInterfaceOrientationPortraitUpsideDown UIInterfaceOrientationLandscapeLeft UIInterfaceOrientationLandscapeRight";
				INFOPLIST_KEY_UISupportedInterfaceOrientations_iPhone = "UIInterfaceOrientationPortrait UIInterfaceOrientationLandscapeLeft UIInterfaceOrientationLandscapeRight";
				LD_RUNPATH_SEARCH_PATHS = (
					"$(inherited)",
					"@executable_path/Frameworks",
				);
				MARKETING_VERSION = 1.0;
				PRODUCT_BUNDLE_IDENTIFIER = "com.codie-academy.Module3";
				PRODUCT_NAME = "$(TARGET_NAME)";
				SWIFT_EMIT_LOC_STRINGS = YES;
				SWIFT_VERSION = 5.0;
				TARGETED_DEVICE_FAMILY = "1,2";
			};
			name = Debug;
		};
		3488B02D2B5C178E008CF4C3 /* Release */ = {
			isa = XCBuildConfiguration;
			buildSettings = {
				ASSETCATALOG_COMPILER_APPICON_NAME = AppIcon;
				ASSETCATALOG_COMPILER_GLOBAL_ACCENT_COLOR_NAME = AccentColor;
				CODE_SIGN_STYLE = Automatic;
				CURRENT_PROJECT_VERSION = 1;
				GENERATE_INFOPLIST_FILE = YES;
				INFOPLIST_FILE = Module3/Info.plist;
				INFOPLIST_KEY_UIApplicationSupportsIndirectInputEvents = YES;
				INFOPLIST_KEY_UILaunchStoryboardName = LaunchScreen;
				INFOPLIST_KEY_UIMainStoryboardFile = Main;
				INFOPLIST_KEY_UISupportedInterfaceOrientations_iPad = "UIInterfaceOrientationPortrait UIInterfaceOrientationPortraitUpsideDown UIInterfaceOrientationLandscapeLeft UIInterfaceOrientationLandscapeRight";
				INFOPLIST_KEY_UISupportedInterfaceOrientations_iPhone = "UIInterfaceOrientationPortrait UIInterfaceOrientationLandscapeLeft UIInterfaceOrientationLandscapeRight";
				LD_RUNPATH_SEARCH_PATHS = (
					"$(inherited)",
					"@executable_path/Frameworks",
				);
				MARKETING_VERSION = 1.0;
				PRODUCT_BUNDLE_IDENTIFIER = "com.codie-academy.Module3";
				PRODUCT_NAME = "$(TARGET_NAME)";
				SWIFT_EMIT_LOC_STRINGS = YES;
				SWIFT_VERSION = 5.0;
				TARGETED_DEVICE_FAMILY = "1,2";
			};
			name = Release;
		};
/* End XCBuildConfiguration section */

/* Begin XCConfigurationList section */
		3488B0122B5C178D008CF4C3 /* Build configuration list for PBXProject "Module3" */ = {
			isa = XCConfigurationList;
			buildConfigurations = (
				3488B0292B5C178E008CF4C3 /* Debug */,
				3488B02A2B5C178E008CF4C3 /* Release */,
			);
			defaultConfigurationIsVisible = 0;
			defaultConfigurationName = Release;
		};
		3488B02B2B5C178E008CF4C3 /* Build configuration list for PBXNativeTarget "Module3" */ = {
			isa = XCConfigurationList;
			buildConfigurations = (
				3488B02C2B5C178E008CF4C3 /* Debug */,
				3488B02D2B5C178E008CF4C3 /* Release */,
			);
			defaultConfigurationIsVisible = 0;
			defaultConfigurationName = Release;
		};
/* End XCConfigurationList section */
	};
	rootObject = 3488B00F2B5C178D008CF4C3 /* Project object */;
}
