// !$*UTF8*$!
{
	archiveVersion = 1;
	classes = {
	};
	objectVersion = 56;
	objects = {

/* Begin PBXBuildFile section */
		3458A3CD2B8B68BC008FCA41 /* AppDelegate.swift in Sources */ = {isa = PBXBuildFile; fileRef = 3458A3CC2B8B68BC008FCA41 /* AppDelegate.swift */; };
		3458A3CF2B8B68BC008FCA41 /* SceneDelegate.swift in Sources */ = {isa = PBXBuildFile; fileRef = 3458A3CE2B8B68BC008FCA41 /* SceneDelegate.swift */; };
		3458A3D42B8B68BC008FCA41 /* Main.storyboard in Resources */ = {isa = PBXBuildFile; fileRef = 3458A3D22B8B68BC008FCA41 /* Main.storyboard */; };
		3458A3D62B8B68BD008FCA41 /* Assets.xcassets in Resources */ = {isa = PBXBuildFile; fileRef = 3458A3D52B8B68BD008FCA41 /* Assets.xcassets */; };
		3458A3D92B8B68BD008FCA41 /* LaunchScreen.storyboard in Resources */ = {isa = PBXBuildFile; fileRef = 3458A3D72B8B68BD008FCA41 /* LaunchScreen.storyboard */; };
		3458A3E42B8B68BE008FCA41 /* LandmarksTests.swift in Sources */ = {isa = PBXBuildFile; fileRef = 3458A3E32B8B68BE008FCA41 /* LandmarksTests.swift */; };
		3458A3EE2B8B68BE008FCA41 /* LandmarksUITests.swift in Sources */ = {isa = PBXBuildFile; fileRef = 3458A3ED2B8B68BE008FCA41 /* LandmarksUITests.swift */; };
		3458A3F02B8B68BE008FCA41 /* LandmarksUITestsLaunchTests.swift in Sources */ = {isa = PBXBuildFile; fileRef = 3458A3EF2B8B68BE008FCA41 /* LandmarksUITestsLaunchTests.swift */; };
		3458A3FE2B8B68EE008FCA41 /* landmarks.json in Resources */ = {isa = PBXBuildFile; fileRef = 3458A3FD2B8B68EE008FCA41 /* landmarks.json */; };
		3458A4152B8B6CAE008FCA41 /* Landmark.swift in Sources */ = {isa = PBXBuildFile; fileRef = 3458A4142B8B6CAE008FCA41 /* Landmark.swift */; };
		3458A4172B8B6CFE008FCA41 /* ModelData.swift in Sources */ = {isa = PBXBuildFile; fileRef = 3458A4162B8B6CFE008FCA41 /* ModelData.swift */; };
		3458A41B2B8B6F69008FCA41 /* LandmarkTableViewCell.swift in Sources */ = {isa = PBXBuildFile; fileRef = 3458A4192B8B6F69008FCA41 /* LandmarkTableViewCell.swift */; };
		3458A41C2B8B6F69008FCA41 /* LandmarkTableViewCell.xib in Resources */ = {isa = PBXBuildFile; fileRef = 3458A41A2B8B6F69008FCA41 /* LandmarkTableViewCell.xib */; };
		3458A41F2B8B701B008FCA41 /* LandmarksTableViewController.swift in Sources */ = {isa = PBXBuildFile; fileRef = 3458A41E2B8B701B008FCA41 /* LandmarksTableViewController.swift */; };
		34705BB42B8B78230051D877 /* LandmarkDetailsViewController.swift in Sources */ = {isa = PBXBuildFile; fileRef = 34705BB32B8B78230051D877 /* LandmarkDetailsViewController.swift */; };
		34705BB82B8B90A60051D877 /* TestingConstants.swift in Sources */ = {isa = PBXBuildFile; fileRef = 34705BB72B8B90A60051D877 /* TestingConstants.swift */; };
		34705BB92B8B90A60051D877 /* TestingConstants.swift in Sources */ = {isa = PBXBuildFile; fileRef = 34705BB72B8B90A60051D877 /* TestingConstants.swift */; };
		34705BBA2B8B91DE0051D877 /* LandmarkDetailsViewController.swift in Sources */ = {isa = PBXBuildFile; fileRef = 34705BB32B8B78230051D877 /* LandmarkDetailsViewController.swift */; };
		34705BBB2B8B91E50051D877 /* LandmarksTableViewController.swift in Sources */ = {isa = PBXBuildFile; fileRef = 3458A41E2B8B701B008FCA41 /* LandmarksTableViewController.swift */; };
		34705BBC2B8B92020051D877 /* ModelData.swift in Sources */ = {isa = PBXBuildFile; fileRef = 3458A4162B8B6CFE008FCA41 /* ModelData.swift */; };
		34705BBD2B8B920A0051D877 /* Landmark.swift in Sources */ = {isa = PBXBuildFile; fileRef = 3458A4142B8B6CAE008FCA41 /* Landmark.swift */; };
		34705BBE2B8B92250051D877 /* LandmarkTableViewCell.swift in Sources */ = {isa = PBXBuildFile; fileRef = 3458A4192B8B6F69008FCA41 /* LandmarkTableViewCell.swift */; };
/* End PBXBuildFile section */

/* Begin PBXContainerItemProxy section */
		3458A3E02B8B68BE008FCA41 /* PBXContainerItemProxy */ = {
			isa = PBXContainerItemProxy;
			containerPortal = 3458A3C12B8B68BC008FCA41 /* Project object */;
			proxyType = 1;
			remoteGlobalIDString = 3458A3C82B8B68BC008FCA41;
			remoteInfo = Landmarks;
		};
		3458A3EA2B8B68BE008FCA41 /* PBXContainerItemProxy */ = {
			isa = PBXContainerItemProxy;
			containerPortal = 3458A3C12B8B68BC008FCA41 /* Project object */;
			proxyType = 1;
			remoteGlobalIDString = 3458A3C82B8B68BC008FCA41;
			remoteInfo = Landmarks;
		};
/* End PBXContainerItemProxy section */

/* Begin PBXFileReference section */
		3458A3C92B8B68BC008FCA41 /* Landmarks.app */ = {isa = PBXFileReference; explicitFileType = wrapper.application; includeInIndex = 0; path = Landmarks.app; sourceTree = BUILT_PRODUCTS_DIR; };
		3458A3CC2B8B68BC008FCA41 /* AppDelegate.swift */ = {isa = PBXFileReference; lastKnownFileType = sourcecode.swift; path = AppDelegate.swift; sourceTree = "<group>"; };
		3458A3CE2B8B68BC008FCA41 /* SceneDelegate.swift */ = {isa = PBXFileReference; lastKnownFileType = sourcecode.swift; path = SceneDelegate.swift; sourceTree = "<group>"; };
		3458A3D32B8B68BC008FCA41 /* Base */ = {isa = PBXFileReference; lastKnownFileType = file.storyboard; name = Base; path = Base.lproj/Main.storyboard; sourceTree = "<group>"; };
		3458A3D52B8B68BD008FCA41 /* Assets.xcassets */ = {isa = PBXFileReference; lastKnownFileType = folder.assetcatalog; path = Assets.xcassets; sourceTree = "<group>"; };
		3458A3D82B8B68BD008FCA41 /* Base */ = {isa = PBXFileReference; lastKnownFileType = file.storyboard; name = Base; path = Base.lproj/LaunchScreen.storyboard; sourceTree = "<group>"; };
		3458A3DA2B8B68BD008FCA41 /* Info.plist */ = {isa = PBXFileReference; lastKnownFileType = text.plist.xml; path = Info.plist; sourceTree = "<group>"; };
		3458A3DF2B8B68BE008FCA41 /* LandmarksTests.xctest */ = {isa = PBXFileReference; explicitFileType = wrapper.cfbundle; includeInIndex = 0; path = LandmarksTests.xctest; sourceTree = BUILT_PRODUCTS_DIR; };
		3458A3E32B8B68BE008FCA41 /* LandmarksTests.swift */ = {isa = PBXFileReference; lastKnownFileType = sourcecode.swift; path = LandmarksTests.swift; sourceTree = "<group>"; };
		3458A3E92B8B68BE008FCA41 /* LandmarksUITests.xctest */ = {isa = PBXFileReference; explicitFileType = wrapper.cfbundle; includeInIndex = 0; path = LandmarksUITests.xctest; sourceTree = BUILT_PRODUCTS_DIR; };
		3458A3ED2B8B68BE008FCA41 /* LandmarksUITests.swift */ = {isa = PBXFileReference; lastKnownFileType = sourcecode.swift; path = LandmarksUITests.swift; sourceTree = "<group>"; };
		3458A3EF2B8B68BE008FCA41 /* LandmarksUITestsLaunchTests.swift */ = {isa = PBXFileReference; lastKnownFileType = sourcecode.swift; path = LandmarksUITestsLaunchTests.swift; sourceTree = "<group>"; };
		3458A3FD2B8B68EE008FCA41 /* landmarks.json */ = {isa = PBXFileReference; fileEncoding = 4; lastKnownFileType = text.json; path = landmarks.json; sourceTree = "<group>"; };
		3458A4142B8B6CAE008FCA41 /* Landmark.swift */ = {isa = PBXFileReference; lastKnownFileType = sourcecode.swift; path = Landmark.swift; sourceTree = "<group>"; };
		3458A4162B8B6CFE008FCA41 /* ModelData.swift */ = {isa = PBXFileReference; lastKnownFileType = sourcecode.swift; path = ModelData.swift; sourceTree = "<group>"; };
		3458A4192B8B6F69008FCA41 /* LandmarkTableViewCell.swift */ = {isa = PBXFileReference; lastKnownFileType = sourcecode.swift; path = LandmarkTableViewCell.swift; sourceTree = "<group>"; };
		3458A41A2B8B6F69008FCA41 /* LandmarkTableViewCell.xib */ = {isa = PBXFileReference; lastKnownFileType = file.xib; path = LandmarkTableViewCell.xib; sourceTree = "<group>"; };
		3458A41E2B8B701B008FCA41 /* LandmarksTableViewController.swift */ = {isa = PBXFileReference; lastKnownFileType = sourcecode.swift; path = LandmarksTableViewController.swift; sourceTree = "<group>"; };
		34705BB32B8B78230051D877 /* LandmarkDetailsViewController.swift */ = {isa = PBXFileReference; lastKnownFileType = sourcecode.swift; path = LandmarkDetailsViewController.swift; sourceTree = "<group>"; };
		34705BB72B8B90A60051D877 /* TestingConstants.swift */ = {isa = PBXFileReference; lastKnownFileType = sourcecode.swift; path = TestingConstants.swift; sourceTree = "<group>"; };
/* End PBXFileReference section */

/* Begin PBXFrameworksBuildPhase section */
		3458A3C62B8B68BC008FCA41 /* Frameworks */ = {
			isa = PBXFrameworksBuildPhase;
			buildActionMask = 2147483647;
			files = (
			);
			runOnlyForDeploymentPostprocessing = 0;
		};
		3458A3DC2B8B68BE008FCA41 /* Frameworks */ = {
			isa = PBXFrameworksBuildPhase;
			buildActionMask = 2147483647;
			files = (
			);
			runOnlyForDeploymentPostprocessing = 0;
		};
		3458A3E62B8B68BE008FCA41 /* Frameworks */ = {
			isa = PBXFrameworksBuildPhase;
			buildActionMask = 2147483647;
			files = (
			);
			runOnlyForDeploymentPostprocessing = 0;
		};
/* End PBXFrameworksBuildPhase section */

/* Begin PBXGroup section */
		3458A3C02B8B68BC008FCA41 = {
			isa = PBXGroup;
			children = (
				3458A3CB2B8B68BC008FCA41 /* Landmarks */,
				3458A3E22B8B68BE008FCA41 /* LandmarksTests */,
				3458A3EC2B8B68BE008FCA41 /* LandmarksUITests */,
				3458A3CA2B8B68BC008FCA41 /* Products */,
			);
			sourceTree = "<group>";
		};
		3458A3CA2B8B68BC008FCA41 /* Products */ = {
			isa = PBXGroup;
			children = (
				3458A3C92B8B68BC008FCA41 /* Landmarks.app */,
				3458A3DF2B8B68BE008FCA41 /* LandmarksTests.xctest */,
				3458A3E92B8B68BE008FCA41 /* LandmarksUITests.xctest */,
			);
			name = Products;
			sourceTree = "<group>";
		};
		3458A3CB2B8B68BC008FCA41 /* Landmarks */ = {
			isa = PBXGroup;
			children = (
				3458A4132B8B6CA0008FCA41 /* Data */,
				3458A3CC2B8B68BC008FCA41 /* AppDelegate.swift */,
				3458A3CE2B8B68BC008FCA41 /* SceneDelegate.swift */,
				3458A41D2B8B7000008FCA41 /* ViewControllers */,
				3458A4182B8B6F4C008FCA41 /* Views */,
				3458A3D22B8B68BC008FCA41 /* Main.storyboard */,
				3458A3FC2B8B68D8008FCA41 /* Resources */,
				3458A3D72B8B68BD008FCA41 /* LaunchScreen.storyboard */,
				3458A3DA2B8B68BD008FCA41 /* Info.plist */,
			);
			path = Landmarks;
			sourceTree = "<group>";
		};
		3458A3E22B8B68BE008FCA41 /* LandmarksTests */ = {
			isa = PBXGroup;
			children = (
				3458A3E32B8B68BE008FCA41 /* LandmarksTests.swift */,
				34705BB72B8B90A60051D877 /* TestingConstants.swift */,
			);
			path = LandmarksTests;
			sourceTree = "<group>";
		};
		3458A3EC2B8B68BE008FCA41 /* LandmarksUITests */ = {
			isa = PBXGroup;
			children = (
				3458A3ED2B8B68BE008FCA41 /* LandmarksUITests.swift */,
				3458A3EF2B8B68BE008FCA41 /* LandmarksUITestsLaunchTests.swift */,
			);
			path = LandmarksUITests;
			sourceTree = "<group>";
		};
		3458A3FC2B8B68D8008FCA41 /* Resources */ = {
			isa = PBXGroup;
			children = (
				3458A3FD2B8B68EE008FCA41 /* landmarks.json */,
				3458A3D52B8B68BD008FCA41 /* Assets.xcassets */,
			);
			path = Resources;
			sourceTree = "<group>";
		};
		3458A4132B8B6CA0008FCA41 /* Data */ = {
			isa = PBXGroup;
			children = (
				3458A4142B8B6CAE008FCA41 /* Landmark.swift */,
				3458A4162B8B6CFE008FCA41 /* ModelData.swift */,
			);
			path = Data;
			sourceTree = "<group>";
		};
		3458A4182B8B6F4C008FCA41 /* Views */ = {
			isa = PBXGroup;
			children = (
				3458A4192B8B6F69008FCA41 /* LandmarkTableViewCell.swift */,
				3458A41A2B8B6F69008FCA41 /* LandmarkTableViewCell.xib */,
			);
			path = Views;
			sourceTree = "<group>";
		};
		3458A41D2B8B7000008FCA41 /* ViewControllers */ = {
			isa = PBXGroup;
			children = (
				3458A41E2B8B701B008FCA41 /* LandmarksTableViewController.swift */,
				34705BB32B8B78230051D877 /* LandmarkDetailsViewController.swift */,
			);
			path = ViewControllers;
			sourceTree = "<group>";
		};
/* End PBXGroup section */

/* Begin PBXNativeTarget section */
		3458A3C82B8B68BC008FCA41 /* Landmarks */ = {
			isa = PBXNativeTarget;
			buildConfigurationList = 3458A3F32B8B68BE008FCA41 /* Build configuration list for PBXNativeTarget "Landmarks" */;
			buildPhases = (
				3458A3C52B8B68BC008FCA41 /* Sources */,
				3458A3C62B8B68BC008FCA41 /* Frameworks */,
				3458A3C72B8B68BC008FCA41 /* Resources */,
			);
			buildRules = (
			);
			dependencies = (
			);
			name = Landmarks;
			productName = Landmarks;
			productReference = 3458A3C92B8B68BC008FCA41 /* Landmarks.app */;
			productType = "com.apple.product-type.application";
		};
		3458A3DE2B8B68BE008FCA41 /* LandmarksTests */ = {
			isa = PBXNativeTarget;
			buildConfigurationList = 3458A3F62B8B68BE008FCA41 /* Build configuration list for PBXNativeTarget "LandmarksTests" */;
			buildPhases = (
				3458A3DB2B8B68BE008FCA41 /* Sources */,
				3458A3DC2B8B68BE008FCA41 /* Frameworks */,
				3458A3DD2B8B68BE008FCA41 /* Resources */,
			);
			buildRules = (
			);
			dependencies = (
				3458A3E12B8B68BE008FCA41 /* PBXTargetDependency */,
			);
			name = LandmarksTests;
			productName = LandmarksTests;
			productReference = 3458A3DF2B8B68BE008FCA41 /* LandmarksTests.xctest */;
			productType = "com.apple.product-type.bundle.unit-test";
		};
		3458A3E82B8B68BE008FCA41 /* LandmarksUITests */ = {
			isa = PBXNativeTarget;
			buildConfigurationList = 3458A3F92B8B68BE008FCA41 /* Build configuration list for PBXNativeTarget "LandmarksUITests" */;
			buildPhases = (
				3458A3E52B8B68BE008FCA41 /* Sources */,
				3458A3E62B8B68BE008FCA41 /* Frameworks */,
				3458A3E72B8B68BE008FCA41 /* Resources */,
			);
			buildRules = (
			);
			dependencies = (
				3458A3EB2B8B68BE008FCA41 /* PBXTargetDependency */,
			);
			name = LandmarksUITests;
			productName = LandmarksUITests;
			productReference = 3458A3E92B8B68BE008FCA41 /* LandmarksUITests.xctest */;
			productType = "com.apple.product-type.bundle.ui-testing";
		};
/* End PBXNativeTarget section */

/* Begin PBXProject section */
		3458A3C12B8B68BC008FCA41 /* Project object */ = {
			isa = PBXProject;
			attributes = {
				BuildIndependentTargetsInParallel = 1;
				LastSwiftUpdateCheck = 1520;
				LastUpgradeCheck = 1520;
				TargetAttributes = {
					3458A3C82B8B68BC008FCA41 = {
						CreatedOnToolsVersion = 15.2;
					};
					3458A3DE2B8B68BE008FCA41 = {
						CreatedOnToolsVersion = 15.2;
						TestTargetID = 3458A3C82B8B68BC008FCA41;
					};
					3458A3E82B8B68BE008FCA41 = {
						CreatedOnToolsVersion = 15.2;
						TestTargetID = 3458A3C82B8B68BC008FCA41;
					};
				};
			};
			buildConfigurationList = 3458A3C42B8B68BC008FCA41 /* Build configuration list for PBXProject "Landmarks" */;
			compatibilityVersion = "Xcode 14.0";
			developmentRegion = en;
			hasScannedForEncodings = 0;
			knownRegions = (
				en,
				Base,
			);
			mainGroup = 3458A3C02B8B68BC008FCA41;
			productRefGroup = 3458A3CA2B8B68BC008FCA41 /* Products */;
			projectDirPath = "";
			projectRoot = "";
			targets = (
				3458A3C82B8B68BC008FCA41 /* Landmarks */,
				3458A3DE2B8B68BE008FCA41 /* LandmarksTests */,
				3458A3E82B8B68BE008FCA41 /* LandmarksUITests */,
			);
		};
/* End PBXProject section */

/* Begin PBXResourcesBuildPhase section */
		3458A3C72B8B68BC008FCA41 /* Resources */ = {
			isa = PBXResourcesBuildPhase;
			buildActionMask = 2147483647;
			files = (
				3458A3D92B8B68BD008FCA41 /* LaunchScreen.storyboard in Resources */,
				3458A3D62B8B68BD008FCA41 /* Assets.xcassets in Resources */,
				3458A41C2B8B6F69008FCA41 /* LandmarkTableViewCell.xib in Resources */,
				3458A3D42B8B68BC008FCA41 /* Main.storyboard in Resources */,
				3458A3FE2B8B68EE008FCA41 /* landmarks.json in Resources */,
			);
			runOnlyForDeploymentPostprocessing = 0;
		};
		3458A3DD2B8B68BE008FCA41 /* Resources */ = {
			isa = PBXResourcesBuildPhase;
			buildActionMask = 2147483647;
			files = (
			);
			runOnlyForDeploymentPostprocessing = 0;
		};
		3458A3E72B8B68BE008FCA41 /* Resources */ = {
			isa = PBXResourcesBuildPhase;
			buildActionMask = 2147483647;
			files = (
			);
			runOnlyForDeploymentPostprocessing = 0;
		};
/* End PBXResourcesBuildPhase section */

/* Begin PBXSourcesBuildPhase section */
		3458A3C52B8B68BC008FCA41 /* Sources */ = {
			isa = PBXSourcesBuildPhase;
			buildActionMask = 2147483647;
			files = (
				3458A41B2B8B6F69008FCA41 /* LandmarkTableViewCell.swift in Sources */,
				3458A41F2B8B701B008FCA41 /* LandmarksTableViewController.swift in Sources */,
				3458A3CD2B8B68BC008FCA41 /* AppDelegate.swift in Sources */,
				3458A4172B8B6CFE008FCA41 /* ModelData.swift in Sources */,
				34705BB42B8B78230051D877 /* LandmarkDetailsViewController.swift in Sources */,
				3458A3CF2B8B68BC008FCA41 /* SceneDelegate.swift in Sources */,
				3458A4152B8B6CAE008FCA41 /* Landmark.swift in Sources */,
			);
			runOnlyForDeploymentPostprocessing = 0;
		};
		3458A3DB2B8B68BE008FCA41 /* Sources */ = {
			isa = PBXSourcesBuildPhase;
			buildActionMask = 2147483647;
			files = (
				34705BB82B8B90A60051D877 /* TestingConstants.swift in Sources */,
				3458A3E42B8B68BE008FCA41 /* LandmarksTests.swift in Sources */,
			);
			runOnlyForDeploymentPostprocessing = 0;
		};
		3458A3E52B8B68BE008FCA41 /* Sources */ = {
			isa = PBXSourcesBuildPhase;
			buildActionMask = 2147483647;
			files = (
				34705BBD2B8B920A0051D877 /* Landmark.swift in Sources */,
				3458A3F02B8B68BE008FCA41 /* LandmarksUITestsLaunchTests.swift in Sources */,
				34705BBB2B8B91E50051D877 /* LandmarksTableViewController.swift in Sources */,
				34705BBE2B8B92250051D877 /* LandmarkTableViewCell.swift in Sources */,
				34705BBA2B8B91DE0051D877 /* LandmarkDetailsViewController.swift in Sources */,
				3458A3EE2B8B68BE008FCA41 /* LandmarksUITests.swift in Sources */,
				34705BB92B8B90A60051D877 /* TestingConstants.swift in Sources */,
				34705BBC2B8B92020051D877 /* ModelData.swift in Sources */,
			);
			runOnlyForDeploymentPostprocessing = 0;
		};
/* End PBXSourcesBuildPhase section */

/* Begin PBXTargetDependency section */
		3458A3E12B8B68BE008FCA41 /* PBXTargetDependency */ = {
			isa = PBXTargetDependency;
			target = 3458A3C82B8B68BC008FCA41 /* Landmarks */;
			targetProxy = 3458A3E02B8B68BE008FCA41 /* PBXContainerItemProxy */;
		};
		3458A3EB2B8B68BE008FCA41 /* PBXTargetDependency */ = {
			isa = PBXTargetDependency;
			target = 3458A3C82B8B68BC008FCA41 /* Landmarks */;
			targetProxy = 3458A3EA2B8B68BE008FCA41 /* PBXContainerItemProxy */;
		};
/* End PBXTargetDependency section */

/* Begin PBXVariantGroup section */
		3458A3D22B8B68BC008FCA41 /* Main.storyboard */ = {
			isa = PBXVariantGroup;
			children = (
				3458A3D32B8B68BC008FCA41 /* Base */,
			);
			name = Main.storyboard;
			sourceTree = "<group>";
		};
		3458A3D72B8B68BD008FCA41 /* LaunchScreen.storyboard */ = {
			isa = PBXVariantGroup;
			children = (
				3458A3D82B8B68BD008FCA41 /* Base */,
			);
			name = LaunchScreen.storyboard;
			sourceTree = "<group>";
		};
/* End PBXVariantGroup section */

/* Begin XCBuildConfiguration section */
		3458A3F12B8B68BE008FCA41 /* Debug */ = {
			isa = XCBuildConfiguration;
			buildSettings = {
				ALWAYS_SEARCH_USER_PATHS = NO;
				ASSETCATALOG_COMPILER_GENERATE_SWIFT_ASSET_SYMBOL_EXTENSIONS = YES;
				CLANG_ANALYZER_NONNULL = YES;
				CLANG_ANALYZER_NUMBER_OBJECT_CONVERSION = YES_AGGRESSIVE;
				CLANG_CXX_LANGUAGE_STANDARD = "gnu++20";
				CLANG_ENABLE_MODULES = YES;
				CLANG_ENABLE_OBJC_ARC = YES;
				CLANG_ENABLE_OBJC_WEAK = YES;
				CLANG_WARN_BLOCK_CAPTURE_AUTORELEASING = YES;
				CLANG_WARN_BOOL_CONVERSION = YES;
				CLANG_WARN_COMMA = YES;
				CLANG_WARN_CONSTANT_CONVERSION = YES;
				CLANG_WARN_DEPRECATED_OBJC_IMPLEMENTATIONS = YES;
				CLANG_WARN_DIRECT_OBJC_ISA_USAGE = YES_ERROR;
				CLANG_WARN_DOCUMENTATION_COMMENTS = YES;
				CLANG_WARN_EMPTY_BODY = YES;
				CLANG_WARN_ENUM_CONVERSION = YES;
				CLANG_WARN_INFINITE_RECURSION = YES;
				CLANG_WARN_INT_CONVERSION = YES;
				CLANG_WARN_NON_LITERAL_NULL_CONVERSION = YES;
				CLANG_WARN_OBJC_IMPLICIT_RETAIN_SELF = YES;
				CLANG_WARN_OBJC_LITERAL_CONVERSION = YES;
				CLANG_WARN_OBJC_ROOT_CLASS = YES_ERROR;
				CLANG_WARN_QUOTED_INCLUDE_IN_FRAMEWORK_HEADER = YES;
				CLANG_WARN_RANGE_LOOP_ANALYSIS = YES;
				CLANG_WARN_STRICT_PROTOTYPES = YES;
				CLANG_WARN_SUSPICIOUS_MOVE = YES;
				CLANG_WARN_UNGUARDED_AVAILABILITY = YES_AGGRESSIVE;
				CLANG_WARN_UNREACHABLE_CODE = YES;
				CLANG_WARN__DUPLICATE_METHOD_MATCH = YES;
				COPY_PHASE_STRIP = NO;
				DEBUG_INFORMATION_FORMAT = dwarf;
				ENABLE_STRICT_OBJC_MSGSEND = YES;
				ENABLE_TESTABILITY = YES;
				ENABLE_USER_SCRIPT_SANDBOXING = YES;
				GCC_C_LANGUAGE_STANDARD = gnu17;
				GCC_DYNAMIC_NO_PIC = NO;
				GCC_NO_COMMON_BLOCKS = YES;
				GCC_OPTIMIZATION_LEVEL = 0;
				GCC_PREPROCESSOR_DEFINITIONS = (
					"DEBUG=1",
					"$(inherited)",
				);
				GCC_WARN_64_TO_32_BIT_CONVERSION = YES;
				GCC_WARN_ABOUT_RETURN_TYPE = YES_ERROR;
				GCC_WARN_UNDECLARED_SELECTOR = YES;
				GCC_WARN_UNINITIALIZED_AUTOS = YES_AGGRESSIVE;
				GCC_WARN_UNUSED_FUNCTION = YES;
				GCC_WARN_UNUSED_VARIABLE = YES;
				IPHONEOS_DEPLOYMENT_TARGET = 17.2;
				LOCALIZATION_PREFERS_STRING_CATALOGS = YES;
				MTL_ENABLE_DEBUG_INFO = INCLUDE_SOURCE;
				MTL_FAST_MATH = YES;
				ONLY_ACTIVE_ARCH = YES;
				SDKROOT = iphoneos;
				SWIFT_ACTIVE_COMPILATION_CONDITIONS = "DEBUG $(inherited)";
				SWIFT_OPTIMIZATION_LEVEL = "-Onone";
			};
			name = Debug;
		};
		3458A3F22B8B68BE008FCA41 /* Release */ = {
			isa = XCBuildConfiguration;
			buildSettings = {
				ALWAYS_SEARCH_USER_PATHS = NO;
				ASSETCATALOG_COMPILER_GENERATE_SWIFT_ASSET_SYMBOL_EXTENSIONS = YES;
				CLANG_ANALYZER_NONNULL = YES;
				CLANG_ANALYZER_NUMBER_OBJECT_CONVERSION = YES_AGGRESSIVE;
				CLANG_CXX_LANGUAGE_STANDARD = "gnu++20";
				CLANG_ENABLE_MODULES = YES;
				CLANG_ENABLE_OBJC_ARC = YES;
				CLANG_ENABLE_OBJC_WEAK = YES;
				CLANG_WARN_BLOCK_CAPTURE_AUTORELEASING = YES;
				CLANG_WARN_BOOL_CONVERSION = YES;
				CLANG_WARN_COMMA = YES;
				CLANG_WARN_CONSTANT_CONVERSION = YES;
				CLANG_WARN_DEPRECATED_OBJC_IMPLEMENTATIONS = YES;
				CLANG_WARN_DIRECT_OBJC_ISA_USAGE = YES_ERROR;
				CLANG_WARN_DOCUMENTATION_COMMENTS = YES;
				CLANG_WARN_EMPTY_BODY = YES;
				CLANG_WARN_ENUM_CONVERSION = YES;
				CLANG_WARN_INFINITE_RECURSION = YES;
				CLANG_WARN_INT_CONVERSION = YES;
				CLANG_WARN_NON_LITERAL_NULL_CONVERSION = YES;
				CLANG_WARN_OBJC_IMPLICIT_RETAIN_SELF = YES;
				CLANG_WARN_OBJC_LITERAL_CONVERSION = YES;
				CLANG_WARN_OBJC_ROOT_CLASS = YES_ERROR;
				CLANG_WARN_QUOTED_INCLUDE_IN_FRAMEWORK_HEADER = YES;
				CLANG_WARN_RANGE_LOOP_ANALYSIS = YES;
				CLANG_WARN_STRICT_PROTOTYPES = YES;
				CLANG_WARN_SUSPICIOUS_MOVE = YES;
				CLANG_WARN_UNGUARDED_AVAILABILITY = YES_AGGRESSIVE;
				CLANG_WARN_UNREACHABLE_CODE = YES;
				CLANG_WARN__DUPLICATE_METHOD_MATCH = YES;
				COPY_PHASE_STRIP = NO;
				DEBUG_INFORMATION_FORMAT = "dwarf-with-dsym";
				ENABLE_NS_ASSERTIONS = NO;
				ENABLE_STRICT_OBJC_MSGSEND = YES;
				ENABLE_USER_SCRIPT_SANDBOXING = YES;
				GCC_C_LANGUAGE_STANDARD = gnu17;
				GCC_NO_COMMON_BLOCKS = YES;
				GCC_WARN_64_TO_32_BIT_CONVERSION = YES;
				GCC_WARN_ABOUT_RETURN_TYPE = YES_ERROR;
				GCC_WARN_UNDECLARED_SELECTOR = YES;
				GCC_WARN_UNINITIALIZED_AUTOS = YES_AGGRESSIVE;
				GCC_WARN_UNUSED_FUNCTION = YES;
				GCC_WARN_UNUSED_VARIABLE = YES;
				IPHONEOS_DEPLOYMENT_TARGET = 17.2;
				LOCALIZATION_PREFERS_STRING_CATALOGS = YES;
				MTL_ENABLE_DEBUG_INFO = NO;
				MTL_FAST_MATH = YES;
				SDKROOT = iphoneos;
				SWIFT_COMPILATION_MODE = wholemodule;
				VALIDATE_PRODUCT = YES;
			};
			name = Release;
		};
		3458A3F42B8B68BE008FCA41 /* Debug */ = {
			isa = XCBuildConfiguration;
			buildSettings = {
				ASSETCATALOG_COMPILER_APPICON_NAME = AppIcon;
				ASSETCATALOG_COMPILER_GLOBAL_ACCENT_COLOR_NAME = AccentColor;
				CODE_SIGN_STYLE = Automatic;
				CURRENT_PROJECT_VERSION = 1;
				GENERATE_INFOPLIST_FILE = YES;
				INFOPLIST_FILE = Landmarks/Info.plist;
				INFOPLIST_KEY_UIApplicationSupportsIndirectInputEvents = YES;
				INFOPLIST_KEY_UILaunchStoryboardName = LaunchScreen;
				INFOPLIST_KEY_UIMainStoryboardFile = Main;
				INFOPLIST_KEY_UISupportedInterfaceOrientations_iPad = "UIInterfaceOrientationPortrait UIInterfaceOrientationPortraitUpsideDown UIInterfaceOrientationLandscapeLeft UIInterfaceOrientationLandscapeRight";
				INFOPLIST_KEY_UISupportedInterfaceOrientations_iPhone = "UIInterfaceOrientationPortrait UIInterfaceOrientationLandscapeLeft UIInterfaceOrientationLandscapeRight";
				LD_RUNPATH_SEARCH_PATHS = (
					"$(inherited)",
					"@executable_path/Frameworks",
				);
				MARKETING_VERSION = 1.0;
				PRODUCT_BUNDLE_IDENTIFIER = "com.codie-academy.Landmarks";
				PRODUCT_NAME = "$(TARGET_NAME)";
				SWIFT_EMIT_LOC_STRINGS = YES;
				SWIFT_VERSION = 5.0;
				TARGETED_DEVICE_FAMILY = "1,2";
			};
			name = Debug;
		};
		3458A3F52B8B68BE008FCA41 /* Release */ = {
			isa = XCBuildConfiguration;
			buildSettings = {
				ASSETCATALOG_COMPILER_APPICON_NAME = AppIcon;
				ASSETCATALOG_COMPILER_GLOBAL_ACCENT_COLOR_NAME = AccentColor;
				CODE_SIGN_STYLE = Automatic;
				CURRENT_PROJECT_VERSION = 1;
				GENERATE_INFOPLIST_FILE = YES;
				INFOPLIST_FILE = Landmarks/Info.plist;
				INFOPLIST_KEY_UIApplicationSupportsIndirectInputEvents = YES;
				INFOPLIST_KEY_UILaunchStoryboardName = LaunchScreen;
				INFOPLIST_KEY_UIMainStoryboardFile = Main;
				INFOPLIST_KEY_UISupportedInterfaceOrientations_iPad = "UIInterfaceOrientationPortrait UIInterfaceOrientationPortraitUpsideDown UIInterfaceOrientationLandscapeLeft UIInterfaceOrientationLandscapeRight";
				INFOPLIST_KEY_UISupportedInterfaceOrientations_iPhone = "UIInterfaceOrientationPortrait UIInterfaceOrientationLandscapeLeft UIInterfaceOrientationLandscapeRight";
				LD_RUNPATH_SEARCH_PATHS = (
					"$(inherited)",
					"@executable_path/Frameworks",
				);
				MARKETING_VERSION = 1.0;
				PRODUCT_BUNDLE_IDENTIFIER = "com.codie-academy.Landmarks";
				PRODUCT_NAME = "$(TARGET_NAME)";
				SWIFT_EMIT_LOC_STRINGS = YES;
				SWIFT_VERSION = 5.0;
				TARGETED_DEVICE_FAMILY = "1,2";
			};
			name = Release;
		};
		3458A3F72B8B68BE008FCA41 /* Debug */ = {
			isa = XCBuildConfiguration;
			buildSettings = {
				ALWAYS_EMBED_SWIFT_STANDARD_LIBRARIES = YES;
				BUNDLE_LOADER = "$(TEST_HOST)";
				CODE_SIGN_STYLE = Automatic;
				CURRENT_PROJECT_VERSION = 1;
				GENERATE_INFOPLIST_FILE = YES;
				IPHONEOS_DEPLOYMENT_TARGET = 17.2;
				MARKETING_VERSION = 1.0;
				PRODUCT_BUNDLE_IDENTIFIER = "com.codie-academy.LandmarksTests";
				PRODUCT_NAME = "$(TARGET_NAME)";
				SWIFT_EMIT_LOC_STRINGS = NO;
				SWIFT_VERSION = 5.0;
				TARGETED_DEVICE_FAMILY = "1,2";
				TEST_HOST = "$(BUILT_PRODUCTS_DIR)/Landmarks.app/$(BUNDLE_EXECUTABLE_FOLDER_PATH)/Landmarks";
			};
			name = Debug;
		};
		3458A3F82B8B68BE008FCA41 /* Release */ = {
			isa = XCBuildConfiguration;
			buildSettings = {
				ALWAYS_EMBED_SWIFT_STANDARD_LIBRARIES = YES;
				BUNDLE_LOADER = "$(TEST_HOST)";
				CODE_SIGN_STYLE = Automatic;
				CURRENT_PROJECT_VERSION = 1;
				GENERATE_INFOPLIST_FILE = YES;
				IPHONEOS_DEPLOYMENT_TARGET = 17.2;
				MARKETING_VERSION = 1.0;
				PRODUCT_BUNDLE_IDENTIFIER = "com.codie-academy.LandmarksTests";
				PRODUCT_NAME = "$(TARGET_NAME)";
				SWIFT_EMIT_LOC_STRINGS = NO;
				SWIFT_VERSION = 5.0;
				TARGETED_DEVICE_FAMILY = "1,2";
				TEST_HOST = "$(BUILT_PRODUCTS_DIR)/Landmarks.app/$(BUNDLE_EXECUTABLE_FOLDER_PATH)/Landmarks";
			};
			name = Release;
		};
		3458A3FA2B8B68BE008FCA41 /* Debug */ = {
			isa = XCBuildConfiguration;
			buildSettings = {
				ALWAYS_EMBED_SWIFT_STANDARD_LIBRARIES = YES;
				CODE_SIGN_STYLE = Automatic;
				CURRENT_PROJECT_VERSION = 1;
				GENERATE_INFOPLIST_FILE = YES;
				MARKETING_VERSION = 1.0;
				PRODUCT_BUNDLE_IDENTIFIER = "com.codie-academy.LandmarksUITests";
				PRODUCT_NAME = "$(TARGET_NAME)";
				SWIFT_EMIT_LOC_STRINGS = NO;
				SWIFT_VERSION = 5.0;
				TARGETED_DEVICE_FAMILY = "1,2";
				TEST_TARGET_NAME = Landmarks;
			};
			name = Debug;
		};
		3458A3FB2B8B68BE008FCA41 /* Release */ = {
			isa = XCBuildConfiguration;
			buildSettings = {
				ALWAYS_EMBED_SWIFT_STANDARD_LIBRARIES = YES;
				CODE_SIGN_STYLE = Automatic;
				CURRENT_PROJECT_VERSION = 1;
				GENERATE_INFOPLIST_FILE = YES;
				MARKETING_VERSION = 1.0;
				PRODUCT_BUNDLE_IDENTIFIER = "com.codie-academy.LandmarksUITests";
				PRODUCT_NAME = "$(TARGET_NAME)";
				SWIFT_EMIT_LOC_STRINGS = NO;
				SWIFT_VERSION = 5.0;
				TARGETED_DEVICE_FAMILY = "1,2";
				TEST_TARGET_NAME = Landmarks;
			};
			name = Release;
		};
/* End XCBuildConfiguration section */

/* Begin XCConfigurationList section */
		3458A3C42B8B68BC008FCA41 /* Build configuration list for PBXProject "Landmarks" */ = {
			isa = XCConfigurationList;
			buildConfigurations = (
				3458A3F12B8B68BE008FCA41 /* Debug */,
				3458A3F22B8B68BE008FCA41 /* Release */,
			);
			defaultConfigurationIsVisible = 0;
			defaultConfigurationName = Release;
		};
		3458A3F32B8B68BE008FCA41 /* Build configuration list for PBXNativeTarget "Landmarks" */ = {
			isa = XCConfigurationList;
			buildConfigurations = (
				3458A3F42B8B68BE008FCA41 /* Debug */,
				3458A3F52B8B68BE008FCA41 /* Release */,
			);
			defaultConfigurationIsVisible = 0;
			defaultConfigurationName = Release;
		};
		3458A3F62B8B68BE008FCA41 /* Build configuration list for PBXNativeTarget "LandmarksTests" */ = {
			isa = XCConfigurationList;
			buildConfigurations = (
				3458A3F72B8B68BE008FCA41 /* Debug */,
				3458A3F82B8B68BE008FCA41 /* Release */,
			);
			defaultConfigurationIsVisible = 0;
			defaultConfigurationName = Release;
		};
		3458A3F92B8B68BE008FCA41 /* Build configuration list for PBXNativeTarget "LandmarksUITests" */ = {
			isa = XCConfigurationList;
			buildConfigurations = (
				3458A3FA2B8B68BE008FCA41 /* Debug */,
				3458A3FB2B8B68BE008FCA41 /* Release */,
			);
			defaultConfigurationIsVisible = 0;
			defaultConfigurationName = Release;
		};
/* End XCConfigurationList section */
	};
	rootObject = 3458A3C12B8B68BC008FCA41 /* Project object */;
}
